// !$*UTF8*$!
{
	archiveVersion = 1;
	classes = {
	};
	objectVersion = 55;
	objects = {

/* Begin PBXBuildFile section */
		1429C24229A78D0B0007B658 /* FavoritesViewController.swift in Sources */ = {isa = PBXBuildFile; fileRef = 1429C24129A78D0B0007B658 /* FavoritesViewController.swift */; };
		7E0DFFC329A7893E00587392 /* AudiobookViewController.swift in Sources */ = {isa = PBXBuildFile; fileRef = 7E0DFFC229A7893E00587392 /* AudiobookViewController.swift */; };
		7E0DFFC529A78AAA00587392 /* AudiobookView.swift in Sources */ = {isa = PBXBuildFile; fileRef = 7E0DFFC429A78AAA00587392 /* AudiobookView.swift */; };
		7E0DFFC729A78DDB00587392 /* SetViewProtocol.swift in Sources */ = {isa = PBXBuildFile; fileRef = 7E0DFFC629A78DDB00587392 /* SetViewProtocol.swift */; };
		7E0DFFCC29A7A28300587392 /* Extensions.swift in Sources */ = {isa = PBXBuildFile; fileRef = 7E0DFFCB29A7A28300587392 /* Extensions.swift */; };
		7E12F95729A9088700D86DFE /* AudioBookViewModel.swift in Sources */ = {isa = PBXBuildFile; fileRef = 7E12F95629A9088700D86DFE /* AudioBookViewModel.swift */; };
		7E12F95A29A90DBC00D86DFE /* bensound-slider.mp3 in Resources */ = {isa = PBXBuildFile; fileRef = 7E12F95829A90DBC00D86DFE /* bensound-slider.mp3 */; };
		7E12F95E29A90FDE00D86DFE /* bensound-lofinerdbassbuzzer.mp3 in Resources */ = {isa = PBXBuildFile; fileRef = 7E12F95D29A90FDE00D86DFE /* bensound-lofinerdbassbuzzer.mp3 */; };
		7E432677285B6F83008B572D /* StoryPage.swift in Sources */ = {isa = PBXBuildFile; fileRef = 7E432676285B6F83008B572D /* StoryPage.swift */; };
		7E43267C285B77A5008B572D /* GradientView.swift in Sources */ = {isa = PBXBuildFile; fileRef = 7E43267B285B77A5008B572D /* GradientView.swift */; };
		7E43267E285B8164008B572D /* StoryPageViewController.swift in Sources */ = {isa = PBXBuildFile; fileRef = 7E43267D285B8164008B572D /* StoryPageViewController.swift */; };
		7E432682285D4FFF008B572D /* data-pt.json in Resources */ = {isa = PBXBuildFile; fileRef = 7E432681285D4FFF008B572D /* data-pt.json */; };
		7E432684285D5242008B572D /* jsonMap.swift in Sources */ = {isa = PBXBuildFile; fileRef = 7E432683285D5242008B572D /* jsonMap.swift */; };
		D42D04262850E0C7003DA055 /* AppDelegate.swift in Sources */ = {isa = PBXBuildFile; fileRef = D42D04252850E0C7003DA055 /* AppDelegate.swift */; };
		D42D04282850E0C7003DA055 /* SceneDelegate.swift in Sources */ = {isa = PBXBuildFile; fileRef = D42D04272850E0C7003DA055 /* SceneDelegate.swift */; };
		D42D042A2850E0C7003DA055 /* MenuViewController.swift in Sources */ = {isa = PBXBuildFile; fileRef = D42D04292850E0C7003DA055 /* MenuViewController.swift */; };
		D42D04302850E0C7003DA055 /* ninart_app.xcdatamodeld in Sources */ = {isa = PBXBuildFile; fileRef = D42D042E2850E0C7003DA055 /* ninart_app.xcdatamodeld */; };
		D42D04322850E0C8003DA055 /* Assets.xcassets in Resources */ = {isa = PBXBuildFile; fileRef = D42D04312850E0C8003DA055 /* Assets.xcassets */; };
		D42D04402850E0C8003DA055 /* ninart_appTests.swift in Sources */ = {isa = PBXBuildFile; fileRef = D42D043F2850E0C8003DA055 /* ninart_appTests.swift */; };
		D42D044A2850E0C8003DA055 /* ninart_appUITests.swift in Sources */ = {isa = PBXBuildFile; fileRef = D42D04492850E0C8003DA055 /* ninart_appUITests.swift */; };
		D42D044C2850E0C8003DA055 /* ninart_appUITestsLaunchTests.swift in Sources */ = {isa = PBXBuildFile; fileRef = D42D044B2850E0C8003DA055 /* ninart_appUITestsLaunchTests.swift */; };
		FF530A9228634CB500868564 /* CollectionDataSource.swift in Sources */ = {isa = PBXBuildFile; fileRef = FF530A8F28634CB500868564 /* CollectionDataSource.swift */; };
		FF530A9328634CB500868564 /* BooksViewController.swift in Sources */ = {isa = PBXBuildFile; fileRef = FF530A9028634CB500868564 /* BooksViewController.swift */; };
		FF530A9428634CB500868564 /* CollectionViewController.swift in Sources */ = {isa = PBXBuildFile; fileRef = FF530A9128634CB500868564 /* CollectionViewController.swift */; };
		FF530A9628634F0C00868564 /* ZoomAndSnapFlowLayout.swift in Sources */ = {isa = PBXBuildFile; fileRef = FF530A9528634F0C00868564 /* ZoomAndSnapFlowLayout.swift */; };
		FF530A9828634F1600868564 /* CollectionViewCell.swift in Sources */ = {isa = PBXBuildFile; fileRef = FF530A9728634F1600868564 /* CollectionViewCell.swift */; };
		FF5A4DFC299FB00300774298 /* AllBooksView.swift in Sources */ = {isa = PBXBuildFile; fileRef = FF5A4DFB299FB00300774298 /* AllBooksView.swift */; };
		FF5A4DFE299FB0B700774298 /* AllBooksViewController.swift in Sources */ = {isa = PBXBuildFile; fileRef = FF5A4DFD299FB0B700774298 /* AllBooksViewController.swift */; };
		FF5A4E0029A3DD7B00774298 /* TableViewCell.swift in Sources */ = {isa = PBXBuildFile; fileRef = FF5A4DFF29A3DD7A00774298 /* TableViewCell.swift */; };
		FF5A4E0829A7915D00774298 /* StringExtension.swift in Sources */ = {isa = PBXBuildFile; fileRef = FF5A4E0729A7915D00774298 /* StringExtension.swift */; };
		FF5A4E1729A7962000774298 /* Localizable.strings in Resources */ = {isa = PBXBuildFile; fileRef = FF5A4E1929A7962000774298 /* Localizable.strings */; };
		FF5A4E1E29A79B0500774298 /* BookCollectionViewCell.swift in Sources */ = {isa = PBXBuildFile; fileRef = FF5A4E1D29A79B0500774298 /* BookCollectionViewCell.swift */; };
		FF5A4E2029A7A6FC00774298 /* ContinueBookCollectionViewCell.swift in Sources */ = {isa = PBXBuildFile; fileRef = FF5A4E1F29A7A6FC00774298 /* ContinueBookCollectionViewCell.swift */; };
		FF5A4E2329A7AE3C00774298 /* BooksViewModel.swift in Sources */ = {isa = PBXBuildFile; fileRef = FF5A4E2229A7AE3C00774298 /* BooksViewModel.swift */; };
		FF5A4E2829A8E68B00774298 /* ColorExtension.swift in Sources */ = {isa = PBXBuildFile; fileRef = FF5A4E2729A8E68B00774298 /* ColorExtension.swift */; };
		FF769D02286480AF005D00B4 /* SearchViewController.swift in Sources */ = {isa = PBXBuildFile; fileRef = FF769D01286480AF005D00B4 /* SearchViewController.swift */; };
		FF90665329B20E8D0022196E /* data-en.json in Resources */ = {isa = PBXBuildFile; fileRef = FF90665229B20E8D0022196E /* data-en.json */; };
		FFCDE07729AE1FCE00B29BB5 /* SelectBookProtocol.swift in Sources */ = {isa = PBXBuildFile; fileRef = FFCDE07629AE1FCE00B29BB5 /* SelectBookProtocol.swift */; };
		FFCDE07D29AFC9DD00B29BB5 /* audioBooks.json in Resources */ = {isa = PBXBuildFile; fileRef = FFCDE07C29AFC9DD00B29BB5 /* audioBooks.json */; };
		FFCDE08129AFF14800B29BB5 /* ArrayModel.swift in Sources */ = {isa = PBXBuildFile; fileRef = FFCDE08029AFF14800B29BB5 /* ArrayModel.swift */; };
		FFCDE08329B0B5D300B29BB5 /* UIImageExtension.swift in Sources */ = {isa = PBXBuildFile; fileRef = FFCDE08229B0B5D300B29BB5 /* UIImageExtension.swift */; };
		FFCDE08529B0B85C00B29BB5 /* StatusView.swift in Sources */ = {isa = PBXBuildFile; fileRef = FFCDE08429B0B85C00B29BB5 /* StatusView.swift */; };
/* End PBXBuildFile section */

/* Begin PBXContainerItemProxy section */
		D42D043C2850E0C8003DA055 /* PBXContainerItemProxy */ = {
			isa = PBXContainerItemProxy;
			containerPortal = D42D041A2850E0C7003DA055 /* Project object */;
			proxyType = 1;
			remoteGlobalIDString = D42D04212850E0C7003DA055;
			remoteInfo = ninart_app;
		};
		D42D04462850E0C8003DA055 /* PBXContainerItemProxy */ = {
			isa = PBXContainerItemProxy;
			containerPortal = D42D041A2850E0C7003DA055 /* Project object */;
			proxyType = 1;
			remoteGlobalIDString = D42D04212850E0C7003DA055;
			remoteInfo = ninart_app;
		};
/* End PBXContainerItemProxy section */

/* Begin PBXFileReference section */
		1429C24129A78D0B0007B658 /* FavoritesViewController.swift */ = {isa = PBXFileReference; lastKnownFileType = sourcecode.swift; path = FavoritesViewController.swift; sourceTree = "<group>"; };
		7E0DFFC229A7893E00587392 /* AudiobookViewController.swift */ = {isa = PBXFileReference; lastKnownFileType = sourcecode.swift; path = AudiobookViewController.swift; sourceTree = "<group>"; };
		7E0DFFC429A78AAA00587392 /* AudiobookView.swift */ = {isa = PBXFileReference; lastKnownFileType = sourcecode.swift; path = AudiobookView.swift; sourceTree = "<group>"; };
		7E0DFFC629A78DDB00587392 /* SetViewProtocol.swift */ = {isa = PBXFileReference; lastKnownFileType = sourcecode.swift; path = SetViewProtocol.swift; sourceTree = "<group>"; };
		7E0DFFCB29A7A28300587392 /* Extensions.swift */ = {isa = PBXFileReference; lastKnownFileType = sourcecode.swift; path = Extensions.swift; sourceTree = "<group>"; };
		7E12F95629A9088700D86DFE /* AudioBookViewModel.swift */ = {isa = PBXFileReference; lastKnownFileType = sourcecode.swift; path = AudioBookViewModel.swift; sourceTree = "<group>"; };
		7E12F95829A90DBC00D86DFE /* bensound-slider.mp3 */ = {isa = PBXFileReference; lastKnownFileType = audio.mp3; path = "bensound-slider.mp3"; sourceTree = "<group>"; };
		7E12F95D29A90FDE00D86DFE /* bensound-lofinerdbassbuzzer.mp3 */ = {isa = PBXFileReference; lastKnownFileType = audio.mp3; path = "bensound-lofinerdbassbuzzer.mp3"; sourceTree = "<group>"; };
		7E432676285B6F83008B572D /* StoryPage.swift */ = {isa = PBXFileReference; lastKnownFileType = sourcecode.swift; path = StoryPage.swift; sourceTree = "<group>"; };
		7E43267B285B77A5008B572D /* GradientView.swift */ = {isa = PBXFileReference; lastKnownFileType = sourcecode.swift; path = GradientView.swift; sourceTree = "<group>"; };
		7E43267D285B8164008B572D /* StoryPageViewController.swift */ = {isa = PBXFileReference; lastKnownFileType = sourcecode.swift; path = StoryPageViewController.swift; sourceTree = "<group>"; };
		7E432681285D4FFF008B572D /* data-pt.json */ = {isa = PBXFileReference; lastKnownFileType = text.json; path = "data-pt.json"; sourceTree = "<group>"; };
		7E432683285D5242008B572D /* jsonMap.swift */ = {isa = PBXFileReference; lastKnownFileType = sourcecode.swift; path = jsonMap.swift; sourceTree = "<group>"; };
		D42D04222850E0C7003DA055 /* ninart_app.app */ = {isa = PBXFileReference; explicitFileType = wrapper.application; includeInIndex = 0; path = ninart_app.app; sourceTree = BUILT_PRODUCTS_DIR; };
		D42D04252850E0C7003DA055 /* AppDelegate.swift */ = {isa = PBXFileReference; lastKnownFileType = sourcecode.swift; path = AppDelegate.swift; sourceTree = "<group>"; };
		D42D04272850E0C7003DA055 /* SceneDelegate.swift */ = {isa = PBXFileReference; lastKnownFileType = sourcecode.swift; path = SceneDelegate.swift; sourceTree = "<group>"; };
		D42D04292850E0C7003DA055 /* MenuViewController.swift */ = {isa = PBXFileReference; lastKnownFileType = sourcecode.swift; path = MenuViewController.swift; sourceTree = "<group>"; };
		D42D042F2850E0C7003DA055 /* ninart_app.xcdatamodel */ = {isa = PBXFileReference; lastKnownFileType = wrapper.xcdatamodel; path = ninart_app.xcdatamodel; sourceTree = "<group>"; };
		D42D04312850E0C8003DA055 /* Assets.xcassets */ = {isa = PBXFileReference; lastKnownFileType = folder.assetcatalog; path = Assets.xcassets; sourceTree = "<group>"; };
		D42D04342850E0C8003DA055 /* Base */ = {isa = PBXFileReference; lastKnownFileType = file.storyboard; name = Base; path = Base.lproj/LaunchScreen.storyboard; sourceTree = "<group>"; };
		D42D04362850E0C8003DA055 /* Info.plist */ = {isa = PBXFileReference; lastKnownFileType = text.plist.xml; path = Info.plist; sourceTree = "<group>"; };
		D42D043B2850E0C8003DA055 /* ninart_appTests.xctest */ = {isa = PBXFileReference; explicitFileType = wrapper.cfbundle; includeInIndex = 0; path = ninart_appTests.xctest; sourceTree = BUILT_PRODUCTS_DIR; };
		D42D043F2850E0C8003DA055 /* ninart_appTests.swift */ = {isa = PBXFileReference; lastKnownFileType = sourcecode.swift; path = ninart_appTests.swift; sourceTree = "<group>"; };
		D42D04452850E0C8003DA055 /* ninart_appUITests.xctest */ = {isa = PBXFileReference; explicitFileType = wrapper.cfbundle; includeInIndex = 0; path = ninart_appUITests.xctest; sourceTree = BUILT_PRODUCTS_DIR; };
		D42D04492850E0C8003DA055 /* ninart_appUITests.swift */ = {isa = PBXFileReference; lastKnownFileType = sourcecode.swift; path = ninart_appUITests.swift; sourceTree = "<group>"; };
		D42D044B2850E0C8003DA055 /* ninart_appUITestsLaunchTests.swift */ = {isa = PBXFileReference; lastKnownFileType = sourcecode.swift; path = ninart_appUITestsLaunchTests.swift; sourceTree = "<group>"; };
		FF530A8F28634CB500868564 /* CollectionDataSource.swift */ = {isa = PBXFileReference; fileEncoding = 4; lastKnownFileType = sourcecode.swift; path = CollectionDataSource.swift; sourceTree = "<group>"; };
		FF530A9028634CB500868564 /* BooksViewController.swift */ = {isa = PBXFileReference; fileEncoding = 4; lastKnownFileType = sourcecode.swift; path = BooksViewController.swift; sourceTree = "<group>"; };
		FF530A9128634CB500868564 /* CollectionViewController.swift */ = {isa = PBXFileReference; fileEncoding = 4; lastKnownFileType = sourcecode.swift; path = CollectionViewController.swift; sourceTree = "<group>"; };
		FF530A9528634F0C00868564 /* ZoomAndSnapFlowLayout.swift */ = {isa = PBXFileReference; fileEncoding = 4; lastKnownFileType = sourcecode.swift; path = ZoomAndSnapFlowLayout.swift; sourceTree = "<group>"; };
		FF530A9728634F1600868564 /* CollectionViewCell.swift */ = {isa = PBXFileReference; fileEncoding = 4; lastKnownFileType = sourcecode.swift; path = CollectionViewCell.swift; sourceTree = "<group>"; };
		FF5A4DFB299FB00300774298 /* AllBooksView.swift */ = {isa = PBXFileReference; lastKnownFileType = sourcecode.swift; path = AllBooksView.swift; sourceTree = "<group>"; };
		FF5A4DFD299FB0B700774298 /* AllBooksViewController.swift */ = {isa = PBXFileReference; lastKnownFileType = sourcecode.swift; path = AllBooksViewController.swift; sourceTree = "<group>"; };
		FF5A4DFF29A3DD7A00774298 /* TableViewCell.swift */ = {isa = PBXFileReference; lastKnownFileType = sourcecode.swift; path = TableViewCell.swift; sourceTree = "<group>"; };
		FF5A4E0729A7915D00774298 /* StringExtension.swift */ = {isa = PBXFileReference; lastKnownFileType = sourcecode.swift; path = StringExtension.swift; sourceTree = "<group>"; };
		FF5A4E0E29A7941800774298 /* pt-BR */ = {isa = PBXFileReference; lastKnownFileType = text.plist.strings; name = "pt-BR"; path = "pt-BR.lproj/LaunchScreen.strings"; sourceTree = "<group>"; };
		FF5A4E1829A7962000774298 /* en */ = {isa = PBXFileReference; lastKnownFileType = text.plist.strings; name = en; path = en.lproj/Localizable.strings; sourceTree = "<group>"; };
		FF5A4E1A29A7962200774298 /* pt-BR */ = {isa = PBXFileReference; lastKnownFileType = text.plist.strings; name = "pt-BR"; path = "pt-BR.lproj/Localizable.strings"; sourceTree = "<group>"; };
		FF5A4E1D29A79B0500774298 /* BookCollectionViewCell.swift */ = {isa = PBXFileReference; lastKnownFileType = sourcecode.swift; path = BookCollectionViewCell.swift; sourceTree = "<group>"; };
		FF5A4E1F29A7A6FC00774298 /* ContinueBookCollectionViewCell.swift */ = {isa = PBXFileReference; lastKnownFileType = sourcecode.swift; path = ContinueBookCollectionViewCell.swift; sourceTree = "<group>"; };
		FF5A4E2229A7AE3C00774298 /* BooksViewModel.swift */ = {isa = PBXFileReference; lastKnownFileType = sourcecode.swift; path = BooksViewModel.swift; sourceTree = "<group>"; };
		FF5A4E2729A8E68B00774298 /* ColorExtension.swift */ = {isa = PBXFileReference; lastKnownFileType = sourcecode.swift; path = ColorExtension.swift; sourceTree = "<group>"; };
		FF769D01286480AF005D00B4 /* SearchViewController.swift */ = {isa = PBXFileReference; lastKnownFileType = sourcecode.swift; path = SearchViewController.swift; sourceTree = "<group>"; };
		FF90665229B20E8D0022196E /* data-en.json */ = {isa = PBXFileReference; lastKnownFileType = text.json; path = "data-en.json"; sourceTree = "<group>"; };
		FFCDE07629AE1FCE00B29BB5 /* SelectBookProtocol.swift */ = {isa = PBXFileReference; lastKnownFileType = sourcecode.swift; path = SelectBookProtocol.swift; sourceTree = "<group>"; };
		FFCDE07C29AFC9DD00B29BB5 /* audioBooks.json */ = {isa = PBXFileReference; lastKnownFileType = text.json; path = audioBooks.json; sourceTree = "<group>"; };
		FFCDE08029AFF14800B29BB5 /* ArrayModel.swift */ = {isa = PBXFileReference; lastKnownFileType = sourcecode.swift; path = ArrayModel.swift; sourceTree = "<group>"; };
		FFCDE08229B0B5D300B29BB5 /* UIImageExtension.swift */ = {isa = PBXFileReference; lastKnownFileType = sourcecode.swift; path = UIImageExtension.swift; sourceTree = "<group>"; };
		FFCDE08429B0B85C00B29BB5 /* StatusView.swift */ = {isa = PBXFileReference; lastKnownFileType = sourcecode.swift; path = StatusView.swift; sourceTree = "<group>"; };
/* End PBXFileReference section */

/* Begin PBXFrameworksBuildPhase section */
		D42D041F2850E0C7003DA055 /* Frameworks */ = {
			isa = PBXFrameworksBuildPhase;
			buildActionMask = 2147483647;
			files = (
			);
			runOnlyForDeploymentPostprocessing = 0;
		};
		D42D04382850E0C8003DA055 /* Frameworks */ = {
			isa = PBXFrameworksBuildPhase;
			buildActionMask = 2147483647;
			files = (
			);
			runOnlyForDeploymentPostprocessing = 0;
		};
		D42D04422850E0C8003DA055 /* Frameworks */ = {
			isa = PBXFrameworksBuildPhase;
			buildActionMask = 2147483647;
			files = (
			);
			runOnlyForDeploymentPostprocessing = 0;
		};
/* End PBXFrameworksBuildPhase section */

/* Begin PBXGroup section */
		7E0DFFC129A7879D00587392 /* AudiobookView */ = {
			isa = PBXGroup;
			children = (
				7E0DFFC429A78AAA00587392 /* AudiobookView.swift */,
			);
			path = AudiobookView;
			sourceTree = "<group>";
		};
		7E0DFFC829A7908A00587392 /* Protocol */ = {
			isa = PBXGroup;
			children = (
				7E0DFFC629A78DDB00587392 /* SetViewProtocol.swift */,
				FFCDE07629AE1FCE00B29BB5 /* SelectBookProtocol.swift */,
			);
			path = Protocol;
			sourceTree = "<group>";
		};
		7E12F95C29A90DC200D86DFE /* Audio */ = {
			isa = PBXGroup;
			children = (
				7E12F95D29A90FDE00D86DFE /* bensound-lofinerdbassbuzzer.mp3 */,
				7E12F95829A90DBC00D86DFE /* bensound-slider.mp3 */,
			);
			path = Audio;
			sourceTree = "<group>";
		};
		7E432675285B6EB1008B572D /* StoryScreen */ = {
			isa = PBXGroup;
			children = (
				7E432676285B6F83008B572D /* StoryPage.swift */,
			);
			path = StoryScreen;
			sourceTree = "<group>";
		};
		7E43267A285B7724008B572D /* GradientBackScreen */ = {
			isa = PBXGroup;
			children = (
				7E43267B285B77A5008B572D /* GradientView.swift */,
			);
			path = GradientBackScreen;
			sourceTree = "<group>";
		};
		D42D04192850E0C7003DA055 = {
			isa = PBXGroup;
			children = (
				D42D04242850E0C7003DA055 /* ninart_app */,
				D42D043E2850E0C8003DA055 /* ninart_appTests */,
				D42D04482850E0C8003DA055 /* ninart_appUITests */,
				D42D04232850E0C7003DA055 /* Products */,
			);
			sourceTree = "<group>";
		};
		D42D04232850E0C7003DA055 /* Products */ = {
			isa = PBXGroup;
			children = (
				D42D04222850E0C7003DA055 /* ninart_app.app */,
				D42D043B2850E0C8003DA055 /* ninart_appTests.xctest */,
				D42D04452850E0C8003DA055 /* ninart_appUITests.xctest */,
			);
			name = Products;
			sourceTree = "<group>";
		};
		D42D04242850E0C7003DA055 /* ninart_app */ = {
			isa = PBXGroup;
			children = (
				D42D045B2850EC22003DA055 /* Models */,
				D42D045A2850EC1C003DA055 /* Views */,
				FF5A4E2129A7AE1900774298 /* ViewModels */,
				D42D04592850EC14003DA055 /* Controllers */,
				FF5A4E0629A7913D00774298 /* Extensions */,
				7E0DFFC829A7908A00587392 /* Protocol */,
				D4D9CD812852102500B8B75C /* Supporting Files */,
				D42D04312850E0C8003DA055 /* Assets.xcassets */,
				D42D04252850E0C7003DA055 /* AppDelegate.swift */,
				D42D04272850E0C7003DA055 /* SceneDelegate.swift */,
				D42D04332850E0C8003DA055 /* LaunchScreen.storyboard */,
				D42D04362850E0C8003DA055 /* Info.plist */,
				D42D042E2850E0C7003DA055 /* ninart_app.xcdatamodeld */,
				FF5A4E1929A7962000774298 /* Localizable.strings */,
			);
			path = ninart_app;
			sourceTree = "<group>";
		};
		D42D043E2850E0C8003DA055 /* ninart_appTests */ = {
			isa = PBXGroup;
			children = (
				D42D043F2850E0C8003DA055 /* ninart_appTests.swift */,
			);
			path = ninart_appTests;
			sourceTree = "<group>";
		};
		D42D04482850E0C8003DA055 /* ninart_appUITests */ = {
			isa = PBXGroup;
			children = (
				D42D04492850E0C8003DA055 /* ninart_appUITests.swift */,
				D42D044B2850E0C8003DA055 /* ninart_appUITestsLaunchTests.swift */,
			);
			path = ninart_appUITests;
			sourceTree = "<group>";
		};
		D42D04592850EC14003DA055 /* Controllers */ = {
			isa = PBXGroup;
			children = (
				FF5A4DFD299FB0B700774298 /* AllBooksViewController.swift */,
				7E0DFFC229A7893E00587392 /* AudiobookViewController.swift */,
				D42D04292850E0C7003DA055 /* MenuViewController.swift */,
				FF530A8F28634CB500868564 /* CollectionDataSource.swift */,
				FF530A9128634CB500868564 /* CollectionViewController.swift */,
				FF530A9028634CB500868564 /* BooksViewController.swift */,
				7E43267D285B8164008B572D /* StoryPageViewController.swift */,
				FF769D01286480AF005D00B4 /* SearchViewController.swift */,
				1429C24129A78D0B0007B658 /* FavoritesViewController.swift */,
			);
			path = Controllers;
			sourceTree = "<group>";
		};
		D42D045A2850EC1C003DA055 /* Views */ = {
			isa = PBXGroup;
			children = (
				FF5A4DFA299FAFC600774298 /* AllBooksScreen */,
				7E0DFFC129A7879D00587392 /* AudiobookView */,
				FF530A9928634F3700868564 /* CarouselScreen */,
				7E43267A285B7724008B572D /* GradientBackScreen */,
				7E432675285B6EB1008B572D /* StoryScreen */,
			);
			path = Views;
			sourceTree = "<group>";
		};
		D42D045B2850EC22003DA055 /* Models */ = {
			isa = PBXGroup;
			children = (
				7E432683285D5242008B572D /* jsonMap.swift */,
				FFCDE08029AFF14800B29BB5 /* ArrayModel.swift */,
			);
			path = Models;
			sourceTree = "<group>";
		};
		D4D9CD812852102500B8B75C /* Supporting Files */ = {
			isa = PBXGroup;
			children = (
				7E12F95C29A90DC200D86DFE /* Audio */,
				7E0DFFCB29A7A28300587392 /* Extensions.swift */,
				7E432681285D4FFF008B572D /* data-pt.json */,
				FF90665229B20E8D0022196E /* data-en.json */,
				FFCDE07C29AFC9DD00B29BB5 /* audioBooks.json */,
			);
			path = "Supporting Files";
			sourceTree = "<group>";
		};
		FF530A9928634F3700868564 /* CarouselScreen */ = {
			isa = PBXGroup;
			children = (
				FF530A9528634F0C00868564 /* ZoomAndSnapFlowLayout.swift */,
				FF530A9728634F1600868564 /* CollectionViewCell.swift */,
			);
			path = CarouselScreen;
			sourceTree = "<group>";
		};
		FF5A4DFA299FAFC600774298 /* AllBooksScreen */ = {
			isa = PBXGroup;
			children = (
				FF5A4DFB299FB00300774298 /* AllBooksView.swift */,
				FF5A4DFF29A3DD7A00774298 /* TableViewCell.swift */,
				FF5A4E1D29A79B0500774298 /* BookCollectionViewCell.swift */,
				FF5A4E1F29A7A6FC00774298 /* ContinueBookCollectionViewCell.swift */,
				FFCDE08429B0B85C00B29BB5 /* StatusView.swift */,
			);
			path = AllBooksScreen;
			sourceTree = "<group>";
		};
		FF5A4E0629A7913D00774298 /* Extensions */ = {
			isa = PBXGroup;
			children = (
				FF5A4E0729A7915D00774298 /* StringExtension.swift */,
				FF5A4E2729A8E68B00774298 /* ColorExtension.swift */,
				FFCDE08229B0B5D300B29BB5 /* UIImageExtension.swift */,
			);
			path = Extensions;
			sourceTree = "<group>";
		};
		FF5A4E2129A7AE1900774298 /* ViewModels */ = {
			isa = PBXGroup;
			children = (
				FF5A4E2229A7AE3C00774298 /* BooksViewModel.swift */,
				7E12F95629A9088700D86DFE /* AudioBookViewModel.swift */,
			);
			path = ViewModels;
			sourceTree = "<group>";
		};
/* End PBXGroup section */

/* Begin PBXNativeTarget section */
		D42D04212850E0C7003DA055 /* ninart_app */ = {
			isa = PBXNativeTarget;
			buildConfigurationList = D42D044F2850E0C8003DA055 /* Build configuration list for PBXNativeTarget "ninart_app" */;
			buildPhases = (
				D42D041E2850E0C7003DA055 /* Sources */,
				D42D041F2850E0C7003DA055 /* Frameworks */,
				D42D04202850E0C7003DA055 /* Resources */,
				D42D04582850EABB003DA055 /* ShellScript */,
			);
			buildRules = (
			);
			dependencies = (
			);
			name = ninart_app;
			productName = ninart_app;
			productReference = D42D04222850E0C7003DA055 /* ninart_app.app */;
			productType = "com.apple.product-type.application";
		};
		D42D043A2850E0C8003DA055 /* ninart_appTests */ = {
			isa = PBXNativeTarget;
			buildConfigurationList = D42D04522850E0C8003DA055 /* Build configuration list for PBXNativeTarget "ninart_appTests" */;
			buildPhases = (
				D42D04372850E0C8003DA055 /* Sources */,
				D42D04382850E0C8003DA055 /* Frameworks */,
				D42D04392850E0C8003DA055 /* Resources */,
			);
			buildRules = (
			);
			dependencies = (
				D42D043D2850E0C8003DA055 /* PBXTargetDependency */,
			);
			name = ninart_appTests;
			productName = ninart_appTests;
			productReference = D42D043B2850E0C8003DA055 /* ninart_appTests.xctest */;
			productType = "com.apple.product-type.bundle.unit-test";
		};
		D42D04442850E0C8003DA055 /* ninart_appUITests */ = {
			isa = PBXNativeTarget;
			buildConfigurationList = D42D04552850E0C8003DA055 /* Build configuration list for PBXNativeTarget "ninart_appUITests" */;
			buildPhases = (
				D42D04412850E0C8003DA055 /* Sources */,
				D42D04422850E0C8003DA055 /* Frameworks */,
				D42D04432850E0C8003DA055 /* Resources */,
			);
			buildRules = (
			);
			dependencies = (
				D42D04472850E0C8003DA055 /* PBXTargetDependency */,
			);
			name = ninart_appUITests;
			productName = ninart_appUITests;
			productReference = D42D04452850E0C8003DA055 /* ninart_appUITests.xctest */;
			productType = "com.apple.product-type.bundle.ui-testing";
		};
/* End PBXNativeTarget section */

/* Begin PBXProject section */
		D42D041A2850E0C7003DA055 /* Project object */ = {
			isa = PBXProject;
			attributes = {
				BuildIndependentTargetsInParallel = 1;
				LastSwiftUpdateCheck = 1320;
				LastUpgradeCheck = 1320;
				TargetAttributes = {
					D42D04212850E0C7003DA055 = {
						CreatedOnToolsVersion = 13.2.1;
					};
					D42D043A2850E0C8003DA055 = {
						CreatedOnToolsVersion = 13.2.1;
						TestTargetID = D42D04212850E0C7003DA055;
					};
					D42D04442850E0C8003DA055 = {
						CreatedOnToolsVersion = 13.2.1;
						TestTargetID = D42D04212850E0C7003DA055;
					};
				};
			};
			buildConfigurationList = D42D041D2850E0C7003DA055 /* Build configuration list for PBXProject "ninart_app" */;
			compatibilityVersion = "Xcode 13.0";
			developmentRegion = en;
			hasScannedForEncodings = 0;
			knownRegions = (
				en,
				Base,
				"pt-BR",
			);
			mainGroup = D42D04192850E0C7003DA055;
			productRefGroup = D42D04232850E0C7003DA055 /* Products */;
			projectDirPath = "";
			projectRoot = "";
			targets = (
				D42D04212850E0C7003DA055 /* ninart_app */,
				D42D043A2850E0C8003DA055 /* ninart_appTests */,
				D42D04442850E0C8003DA055 /* ninart_appUITests */,
			);
		};
/* End PBXProject section */

/* Begin PBXResourcesBuildPhase section */
		D42D04202850E0C7003DA055 /* Resources */ = {
			isa = PBXResourcesBuildPhase;
			buildActionMask = 2147483647;
			files = (
				D42D04322850E0C8003DA055 /* Assets.xcassets in Resources */,
				FF5A4E1729A7962000774298 /* Localizable.strings in Resources */,
				7E432682285D4FFF008B572D /* data-pt.json in Resources */,
				FFCDE07D29AFC9DD00B29BB5 /* audioBooks.json in Resources */,
				7E12F95E29A90FDE00D86DFE /* bensound-lofinerdbassbuzzer.mp3 in Resources */,
				FF90665329B20E8D0022196E /* data-en.json in Resources */,
				7E12F95A29A90DBC00D86DFE /* bensound-slider.mp3 in Resources */,
			);
			runOnlyForDeploymentPostprocessing = 0;
		};
		D42D04392850E0C8003DA055 /* Resources */ = {
			isa = PBXResourcesBuildPhase;
			buildActionMask = 2147483647;
			files = (
			);
			runOnlyForDeploymentPostprocessing = 0;
		};
		D42D04432850E0C8003DA055 /* Resources */ = {
			isa = PBXResourcesBuildPhase;
			buildActionMask = 2147483647;
			files = (
			);
			runOnlyForDeploymentPostprocessing = 0;
		};
/* End PBXResourcesBuildPhase section */

/* Begin PBXShellScriptBuildPhase section */
		D42D04582850EABB003DA055 /* ShellScript */ = {
			isa = PBXShellScriptBuildPhase;
			alwaysOutOfDate = 1;
			buildActionMask = 12;
			files = (
			);
			inputFileListPaths = (
			);
			inputPaths = (
			);
			outputFileListPaths = (
			);
			outputPaths = (
			);
			runOnlyForDeploymentPostprocessing = 0;
			shellPath = /bin/sh;
			shellScript = "if which swiftlint >/dev/null; then\nswiftlint\nelse\necho \"warning: Swiftlint not installed, download from https://github.com/realm/SwiftLint\"\nfi\n";
		};
/* End PBXShellScriptBuildPhase section */

/* Begin PBXSourcesBuildPhase section */
		D42D041E2850E0C7003DA055 /* Sources */ = {
			isa = PBXSourcesBuildPhase;
			buildActionMask = 2147483647;
			files = (
				FF769D02286480AF005D00B4 /* SearchViewController.swift in Sources */,
				FF530A9428634CB500868564 /* CollectionViewController.swift in Sources */,
				7E12F95729A9088700D86DFE /* AudioBookViewModel.swift in Sources */,
				FF5A4E2829A8E68B00774298 /* ColorExtension.swift in Sources */,
				FF5A4E0029A3DD7B00774298 /* TableViewCell.swift in Sources */,
				FF5A4E1E29A79B0500774298 /* BookCollectionViewCell.swift in Sources */,
				D42D042A2850E0C7003DA055 /* MenuViewController.swift in Sources */,
				7E0DFFC329A7893E00587392 /* AudiobookViewController.swift in Sources */,
				FFCDE08129AFF14800B29BB5 /* ArrayModel.swift in Sources */,
				7E0DFFC529A78AAA00587392 /* AudiobookView.swift in Sources */,
				FFCDE07729AE1FCE00B29BB5 /* SelectBookProtocol.swift in Sources */,
				FFCDE08529B0B85C00B29BB5 /* StatusView.swift in Sources */,
				7E432684285D5242008B572D /* jsonMap.swift in Sources */,
				FF5A4DFE299FB0B700774298 /* AllBooksViewController.swift in Sources */,
				7E0DFFCC29A7A28300587392 /* Extensions.swift in Sources */,
				D42D04262850E0C7003DA055 /* AppDelegate.swift in Sources */,
				FF5A4E2329A7AE3C00774298 /* BooksViewModel.swift in Sources */,
				FF530A9228634CB500868564 /* CollectionDataSource.swift in Sources */,
				D42D04282850E0C7003DA055 /* SceneDelegate.swift in Sources */,
				FF530A9628634F0C00868564 /* ZoomAndSnapFlowLayout.swift in Sources */,
				7E432677285B6F83008B572D /* StoryPage.swift in Sources */,
				1429C24229A78D0B0007B658 /* FavoritesViewController.swift in Sources */,
				7E43267E285B8164008B572D /* StoryPageViewController.swift in Sources */,
				FF530A9828634F1600868564 /* CollectionViewCell.swift in Sources */,
				FF530A9328634CB500868564 /* BooksViewController.swift in Sources */,
				7E0DFFC729A78DDB00587392 /* SetViewProtocol.swift in Sources */,
				FFCDE08329B0B5D300B29BB5 /* UIImageExtension.swift in Sources */,
				FF530A9328634CB500868564 /* BooksViewController.swift in Sources */,
				D42D04302850E0C7003DA055 /* ninart_app.xcdatamodeld in Sources */,
				FF5A4E0829A7915D00774298 /* StringExtension.swift in Sources */,
				FF5A4E2029A7A6FC00774298 /* ContinueBookCollectionViewCell.swift in Sources */,
				7E43267C285B77A5008B572D /* GradientView.swift in Sources */,
				FF5A4DFC299FB00300774298 /* AllBooksView.swift in Sources */,
			);
			runOnlyForDeploymentPostprocessing = 0;
		};
		D42D04372850E0C8003DA055 /* Sources */ = {
			isa = PBXSourcesBuildPhase;
			buildActionMask = 2147483647;
			files = (
				D42D04402850E0C8003DA055 /* ninart_appTests.swift in Sources */,
			);
			runOnlyForDeploymentPostprocessing = 0;
		};
		D42D04412850E0C8003DA055 /* Sources */ = {
			isa = PBXSourcesBuildPhase;
			buildActionMask = 2147483647;
			files = (
				D42D044C2850E0C8003DA055 /* ninart_appUITestsLaunchTests.swift in Sources */,
				D42D044A2850E0C8003DA055 /* ninart_appUITests.swift in Sources */,
			);
			runOnlyForDeploymentPostprocessing = 0;
		};
/* End PBXSourcesBuildPhase section */

/* Begin PBXTargetDependency section */
		D42D043D2850E0C8003DA055 /* PBXTargetDependency */ = {
			isa = PBXTargetDependency;
			target = D42D04212850E0C7003DA055 /* ninart_app */;
			targetProxy = D42D043C2850E0C8003DA055 /* PBXContainerItemProxy */;
		};
		D42D04472850E0C8003DA055 /* PBXTargetDependency */ = {
			isa = PBXTargetDependency;
			target = D42D04212850E0C7003DA055 /* ninart_app */;
			targetProxy = D42D04462850E0C8003DA055 /* PBXContainerItemProxy */;
		};
/* End PBXTargetDependency section */

/* Begin PBXVariantGroup section */
		D42D04332850E0C8003DA055 /* LaunchScreen.storyboard */ = {
			isa = PBXVariantGroup;
			children = (
				D42D04342850E0C8003DA055 /* Base */,
				FF5A4E0E29A7941800774298 /* pt-BR */,
			);
			name = LaunchScreen.storyboard;
			sourceTree = "<group>";
		};
		FF5A4E1929A7962000774298 /* Localizable.strings */ = {
			isa = PBXVariantGroup;
			children = (
				FF5A4E1829A7962000774298 /* en */,
				FF5A4E1A29A7962200774298 /* pt-BR */,
			);
			name = Localizable.strings;
			sourceTree = "<group>";
		};
/* End PBXVariantGroup section */

/* Begin XCBuildConfiguration section */
		D42D044D2850E0C8003DA055 /* Debug */ = {
			isa = XCBuildConfiguration;
			buildSettings = {
				ALWAYS_SEARCH_USER_PATHS = NO;
				CLANG_ANALYZER_LOCALIZABILITY_NONLOCALIZED = YES;
				CLANG_ANALYZER_NONNULL = YES;
				CLANG_ANALYZER_NUMBER_OBJECT_CONVERSION = YES_AGGRESSIVE;
				CLANG_CXX_LANGUAGE_STANDARD = "gnu++17";
				CLANG_CXX_LIBRARY = "libc++";
				CLANG_ENABLE_MODULES = YES;
				CLANG_ENABLE_OBJC_ARC = YES;
				CLANG_ENABLE_OBJC_WEAK = YES;
				CLANG_WARN_BLOCK_CAPTURE_AUTORELEASING = YES;
				CLANG_WARN_BOOL_CONVERSION = YES;
				CLANG_WARN_COMMA = YES;
				CLANG_WARN_CONSTANT_CONVERSION = YES;
				CLANG_WARN_DEPRECATED_OBJC_IMPLEMENTATIONS = YES;
				CLANG_WARN_DIRECT_OBJC_ISA_USAGE = YES_ERROR;
				CLANG_WARN_DOCUMENTATION_COMMENTS = YES;
				CLANG_WARN_EMPTY_BODY = YES;
				CLANG_WARN_ENUM_CONVERSION = YES;
				CLANG_WARN_INFINITE_RECURSION = YES;
				CLANG_WARN_INT_CONVERSION = YES;
				CLANG_WARN_NON_LITERAL_NULL_CONVERSION = YES;
				CLANG_WARN_OBJC_IMPLICIT_RETAIN_SELF = YES;
				CLANG_WARN_OBJC_LITERAL_CONVERSION = YES;
				CLANG_WARN_OBJC_ROOT_CLASS = YES_ERROR;
				CLANG_WARN_QUOTED_INCLUDE_IN_FRAMEWORK_HEADER = YES;
				CLANG_WARN_RANGE_LOOP_ANALYSIS = YES;
				CLANG_WARN_STRICT_PROTOTYPES = YES;
				CLANG_WARN_SUSPICIOUS_MOVE = YES;
				CLANG_WARN_UNGUARDED_AVAILABILITY = YES_AGGRESSIVE;
				CLANG_WARN_UNREACHABLE_CODE = YES;
				CLANG_WARN__DUPLICATE_METHOD_MATCH = YES;
				COPY_PHASE_STRIP = NO;
				DEBUG_INFORMATION_FORMAT = dwarf;
				ENABLE_STRICT_OBJC_MSGSEND = YES;
				ENABLE_TESTABILITY = YES;
				GCC_C_LANGUAGE_STANDARD = gnu11;
				GCC_DYNAMIC_NO_PIC = NO;
				GCC_NO_COMMON_BLOCKS = YES;
				GCC_OPTIMIZATION_LEVEL = 0;
				GCC_PREPROCESSOR_DEFINITIONS = (
					"DEBUG=1",
					"$(inherited)",
				);
				GCC_WARN_64_TO_32_BIT_CONVERSION = YES;
				GCC_WARN_ABOUT_RETURN_TYPE = YES_ERROR;
				GCC_WARN_UNDECLARED_SELECTOR = YES;
				GCC_WARN_UNINITIALIZED_AUTOS = YES_AGGRESSIVE;
				GCC_WARN_UNUSED_FUNCTION = YES;
				GCC_WARN_UNUSED_VARIABLE = YES;
				IPHONEOS_DEPLOYMENT_TARGET = 15.2;
				MTL_ENABLE_DEBUG_INFO = INCLUDE_SOURCE;
				MTL_FAST_MATH = YES;
				ONLY_ACTIVE_ARCH = YES;
				SDKROOT = iphoneos;
				SWIFT_ACTIVE_COMPILATION_CONDITIONS = DEBUG;
				SWIFT_OPTIMIZATION_LEVEL = "-Onone";
			};
			name = Debug;
		};
		D42D044E2850E0C8003DA055 /* Release */ = {
			isa = XCBuildConfiguration;
			buildSettings = {
				ALWAYS_SEARCH_USER_PATHS = NO;
				CLANG_ANALYZER_LOCALIZABILITY_NONLOCALIZED = YES;
				CLANG_ANALYZER_NONNULL = YES;
				CLANG_ANALYZER_NUMBER_OBJECT_CONVERSION = YES_AGGRESSIVE;
				CLANG_CXX_LANGUAGE_STANDARD = "gnu++17";
				CLANG_CXX_LIBRARY = "libc++";
				CLANG_ENABLE_MODULES = YES;
				CLANG_ENABLE_OBJC_ARC = YES;
				CLANG_ENABLE_OBJC_WEAK = YES;
				CLANG_WARN_BLOCK_CAPTURE_AUTORELEASING = YES;
				CLANG_WARN_BOOL_CONVERSION = YES;
				CLANG_WARN_COMMA = YES;
				CLANG_WARN_CONSTANT_CONVERSION = YES;
				CLANG_WARN_DEPRECATED_OBJC_IMPLEMENTATIONS = YES;
				CLANG_WARN_DIRECT_OBJC_ISA_USAGE = YES_ERROR;
				CLANG_WARN_DOCUMENTATION_COMMENTS = YES;
				CLANG_WARN_EMPTY_BODY = YES;
				CLANG_WARN_ENUM_CONVERSION = YES;
				CLANG_WARN_INFINITE_RECURSION = YES;
				CLANG_WARN_INT_CONVERSION = YES;
				CLANG_WARN_NON_LITERAL_NULL_CONVERSION = YES;
				CLANG_WARN_OBJC_IMPLICIT_RETAIN_SELF = YES;
				CLANG_WARN_OBJC_LITERAL_CONVERSION = YES;
				CLANG_WARN_OBJC_ROOT_CLASS = YES_ERROR;
				CLANG_WARN_QUOTED_INCLUDE_IN_FRAMEWORK_HEADER = YES;
				CLANG_WARN_RANGE_LOOP_ANALYSIS = YES;
				CLANG_WARN_STRICT_PROTOTYPES = YES;
				CLANG_WARN_SUSPICIOUS_MOVE = YES;
				CLANG_WARN_UNGUARDED_AVAILABILITY = YES_AGGRESSIVE;
				CLANG_WARN_UNREACHABLE_CODE = YES;
				CLANG_WARN__DUPLICATE_METHOD_MATCH = YES;
				COPY_PHASE_STRIP = NO;
				DEBUG_INFORMATION_FORMAT = "dwarf-with-dsym";
				ENABLE_NS_ASSERTIONS = NO;
				ENABLE_STRICT_OBJC_MSGSEND = YES;
				GCC_C_LANGUAGE_STANDARD = gnu11;
				GCC_NO_COMMON_BLOCKS = YES;
				GCC_WARN_64_TO_32_BIT_CONVERSION = YES;
				GCC_WARN_ABOUT_RETURN_TYPE = YES_ERROR;
				GCC_WARN_UNDECLARED_SELECTOR = YES;
				GCC_WARN_UNINITIALIZED_AUTOS = YES_AGGRESSIVE;
				GCC_WARN_UNUSED_FUNCTION = YES;
				GCC_WARN_UNUSED_VARIABLE = YES;
				IPHONEOS_DEPLOYMENT_TARGET = 15.2;
				MTL_ENABLE_DEBUG_INFO = NO;
				MTL_FAST_MATH = YES;
				SDKROOT = iphoneos;
				SWIFT_COMPILATION_MODE = wholemodule;
				SWIFT_OPTIMIZATION_LEVEL = "-O";
				VALIDATE_PRODUCT = YES;
			};
			name = Release;
		};
		D42D04502850E0C8003DA055 /* Debug */ = {
			isa = XCBuildConfiguration;
			buildSettings = {
				ASSETCATALOG_COMPILER_APPICON_NAME = AppIcon;
				ASSETCATALOG_COMPILER_GLOBAL_ACCENT_COLOR_NAME = AccentColor;
				CODE_SIGN_STYLE = Automatic;
				CURRENT_PROJECT_VERSION = 1;
				DEVELOPMENT_TEAM = 44U668YQTW;
				GENERATE_INFOPLIST_FILE = YES;
				INFOPLIST_FILE = ninart_app/Info.plist;
				INFOPLIST_KEY_UIApplicationSupportsIndirectInputEvents = YES;
				INFOPLIST_KEY_UILaunchStoryboardName = LaunchScreen;
				INFOPLIST_KEY_UISupportedInterfaceOrientations_iPad = "UIInterfaceOrientationPortrait UIInterfaceOrientationPortraitUpsideDown UIInterfaceOrientationLandscapeLeft UIInterfaceOrientationLandscapeRight";
				INFOPLIST_KEY_UISupportedInterfaceOrientations_iPhone = "UIInterfaceOrientationPortrait UIInterfaceOrientationLandscapeLeft UIInterfaceOrientationLandscapeRight";
				LD_RUNPATH_SEARCH_PATHS = (
					"$(inherited)",
					"@executable_path/Frameworks",
				);
				MARKETING_VERSION = 1.0;
				PRODUCT_BUNDLE_IDENTIFIER = "ayslana.ninart-app";
				PRODUCT_NAME = "$(TARGET_NAME)";
				SWIFT_EMIT_LOC_STRINGS = YES;
				SWIFT_VERSION = 5.0;
				TARGETED_DEVICE_FAMILY = "1,2";
			};
			name = Debug;
		};
		D42D04512850E0C8003DA055 /* Release */ = {
			isa = XCBuildConfiguration;
			buildSettings = {
				ASSETCATALOG_COMPILER_APPICON_NAME = AppIcon;
				ASSETCATALOG_COMPILER_GLOBAL_ACCENT_COLOR_NAME = AccentColor;
				CODE_SIGN_STYLE = Automatic;
				CURRENT_PROJECT_VERSION = 1;
				DEVELOPMENT_TEAM = 44U668YQTW;
				GENERATE_INFOPLIST_FILE = YES;
				INFOPLIST_FILE = ninart_app/Info.plist;
				INFOPLIST_KEY_UIApplicationSupportsIndirectInputEvents = YES;
				INFOPLIST_KEY_UILaunchStoryboardName = LaunchScreen;
				INFOPLIST_KEY_UISupportedInterfaceOrientations_iPad = "UIInterfaceOrientationPortrait UIInterfaceOrientationPortraitUpsideDown UIInterfaceOrientationLandscapeLeft UIInterfaceOrientationLandscapeRight";
				INFOPLIST_KEY_UISupportedInterfaceOrientations_iPhone = "UIInterfaceOrientationPortrait UIInterfaceOrientationLandscapeLeft UIInterfaceOrientationLandscapeRight";
				LD_RUNPATH_SEARCH_PATHS = (
					"$(inherited)",
					"@executable_path/Frameworks",
				);
				MARKETING_VERSION = 1.0;
				PRODUCT_BUNDLE_IDENTIFIER = "ayslana.ninart-app";
				PRODUCT_NAME = "$(TARGET_NAME)";
				SWIFT_EMIT_LOC_STRINGS = YES;
				SWIFT_VERSION = 5.0;
				TARGETED_DEVICE_FAMILY = "1,2";
			};
			name = Release;
		};
		D42D04532850E0C8003DA055 /* Debug */ = {
			isa = XCBuildConfiguration;
			buildSettings = {
				ALWAYS_EMBED_SWIFT_STANDARD_LIBRARIES = YES;
				BUNDLE_LOADER = "$(TEST_HOST)";
				CODE_SIGN_STYLE = Automatic;
				CURRENT_PROJECT_VERSION = 1;
				DEVELOPMENT_TEAM = NTS86MKTBV;
				GENERATE_INFOPLIST_FILE = YES;
				IPHONEOS_DEPLOYMENT_TARGET = 15.2;
				MARKETING_VERSION = 1.0;
				PRODUCT_BUNDLE_IDENTIFIER = "ayslana.ninart-appTests";
				PRODUCT_NAME = "$(TARGET_NAME)";
				SWIFT_EMIT_LOC_STRINGS = NO;
				SWIFT_VERSION = 5.0;
				TARGETED_DEVICE_FAMILY = "1,2";
				TEST_HOST = "$(BUILT_PRODUCTS_DIR)/ninart_app.app/ninart_app";
			};
			name = Debug;
		};
		D42D04542850E0C8003DA055 /* Release */ = {
			isa = XCBuildConfiguration;
			buildSettings = {
				ALWAYS_EMBED_SWIFT_STANDARD_LIBRARIES = YES;
				BUNDLE_LOADER = "$(TEST_HOST)";
				CODE_SIGN_STYLE = Automatic;
				CURRENT_PROJECT_VERSION = 1;
				DEVELOPMENT_TEAM = NTS86MKTBV;
				GENERATE_INFOPLIST_FILE = YES;
				IPHONEOS_DEPLOYMENT_TARGET = 15.2;
				MARKETING_VERSION = 1.0;
				PRODUCT_BUNDLE_IDENTIFIER = "ayslana.ninart-appTests";
				PRODUCT_NAME = "$(TARGET_NAME)";
				SWIFT_EMIT_LOC_STRINGS = NO;
				SWIFT_VERSION = 5.0;
				TARGETED_DEVICE_FAMILY = "1,2";
				TEST_HOST = "$(BUILT_PRODUCTS_DIR)/ninart_app.app/ninart_app";
			};
			name = Release;
		};
		D42D04562850E0C8003DA055 /* Debug */ = {
			isa = XCBuildConfiguration;
			buildSettings = {
				ALWAYS_EMBED_SWIFT_STANDARD_LIBRARIES = YES;
				CODE_SIGN_STYLE = Automatic;
				CURRENT_PROJECT_VERSION = 1;
				DEVELOPMENT_TEAM = NTS86MKTBV;
				GENERATE_INFOPLIST_FILE = YES;
				MARKETING_VERSION = 1.0;
				PRODUCT_BUNDLE_IDENTIFIER = "ayslana.ninart-appUITests";
				PRODUCT_NAME = "$(TARGET_NAME)";
				SWIFT_EMIT_LOC_STRINGS = NO;
				SWIFT_VERSION = 5.0;
				TARGETED_DEVICE_FAMILY = "1,2";
				TEST_TARGET_NAME = ninart_app;
			};
			name = Debug;
		};
		D42D04572850E0C8003DA055 /* Release */ = {
			isa = XCBuildConfiguration;
			buildSettings = {
				ALWAYS_EMBED_SWIFT_STANDARD_LIBRARIES = YES;
				CODE_SIGN_STYLE = Automatic;
				CURRENT_PROJECT_VERSION = 1;
				DEVELOPMENT_TEAM = NTS86MKTBV;
				GENERATE_INFOPLIST_FILE = YES;
				MARKETING_VERSION = 1.0;
				PRODUCT_BUNDLE_IDENTIFIER = "ayslana.ninart-appUITests";
				PRODUCT_NAME = "$(TARGET_NAME)";
				SWIFT_EMIT_LOC_STRINGS = NO;
				SWIFT_VERSION = 5.0;
				TARGETED_DEVICE_FAMILY = "1,2";
				TEST_TARGET_NAME = ninart_app;
			};
			name = Release;
		};
/* End XCBuildConfiguration section */

/* Begin XCConfigurationList section */
		D42D041D2850E0C7003DA055 /* Build configuration list for PBXProject "ninart_app" */ = {
			isa = XCConfigurationList;
			buildConfigurations = (
				D42D044D2850E0C8003DA055 /* Debug */,
				D42D044E2850E0C8003DA055 /* Release */,
			);
			defaultConfigurationIsVisible = 0;
			defaultConfigurationName = Release;
		};
		D42D044F2850E0C8003DA055 /* Build configuration list for PBXNativeTarget "ninart_app" */ = {
			isa = XCConfigurationList;
			buildConfigurations = (
				D42D04502850E0C8003DA055 /* Debug */,
				D42D04512850E0C8003DA055 /* Release */,
			);
			defaultConfigurationIsVisible = 0;
			defaultConfigurationName = Release;
		};
		D42D04522850E0C8003DA055 /* Build configuration list for PBXNativeTarget "ninart_appTests" */ = {
			isa = XCConfigurationList;
			buildConfigurations = (
				D42D04532850E0C8003DA055 /* Debug */,
				D42D04542850E0C8003DA055 /* Release */,
			);
			defaultConfigurationIsVisible = 0;
			defaultConfigurationName = Release;
		};
		D42D04552850E0C8003DA055 /* Build configuration list for PBXNativeTarget "ninart_appUITests" */ = {
			isa = XCConfigurationList;
			buildConfigurations = (
				D42D04562850E0C8003DA055 /* Debug */,
				D42D04572850E0C8003DA055 /* Release */,
			);
			defaultConfigurationIsVisible = 0;
			defaultConfigurationName = Release;
		};
/* End XCConfigurationList section */

/* Begin XCVersionGroup section */
		D42D042E2850E0C7003DA055 /* ninart_app.xcdatamodeld */ = {
			isa = XCVersionGroup;
			children = (
				D42D042F2850E0C7003DA055 /* ninart_app.xcdatamodel */,
			);
			currentVersion = D42D042F2850E0C7003DA055 /* ninart_app.xcdatamodel */;
			path = ninart_app.xcdatamodeld;
			sourceTree = "<group>";
			versionGroupType = wrapper.xcdatamodel;
		};
/* End XCVersionGroup section */
	};
	rootObject = D42D041A2850E0C7003DA055 /* Project object */;
}
